
Microsoft Visual Studio Solution File, Format Version 12.00
# Visual Studio Version 16
VisualStudioVersion = 16.0.30114.105
MinimumVisualStudioVersion = 10.0.40219.1
Project("{FAE04EC0-301F-11D3-BF4B-00C04F79EFBC}") = "ElectronNETDemon", "ElectronNETDemon\ElectronNETDemon.csproj", "{B286EAA6-1BAA-4A26-9605-5A6AC11C2E8A}"
EndProject
Project("{FAE04EC0-301F-11D3-BF4B-00C04F79EFBC}") = "ElectronNETVueDemon", "ElectronNETVueDemon\ElectronNETVueDemon.csproj", "{2A066F97-F309-4577-A893-9CE33CDCC6E1}"
EndProject
Global
	GlobalSection(SolutionConfigurationPlatforms) = preSolution
		Debug|Any CPU = Debug|Any CPU
		Release|Any CPU = Release|Any CPU
	EndGlobalSection
	GlobalSection(SolutionProperties) = preSolution
		HideSolutionNode = FALSE
	EndGlobalSection
	GlobalSection(ProjectConfigurationPlatforms) = postSolution
		{B286EAA6-1BAA-4A26-9605-5A6AC11C2E8A}.Debug|Any CPU.ActiveCfg = Debug|Any CPU
		{B286EAA6-1BAA-4A26-9605-5A6AC11C2E8A}.Debug|Any CPU.Build.0 = Debug|Any CPU
		{B286EAA6-1BAA-4A26-9605-5A6AC11C2E8A}.Release|Any CPU.ActiveCfg = Release|Any CPU
		{B286EAA6-1BAA-4A26-9605-5A6AC11C2E8A}.Release|Any CPU.Build.0 = Release|Any CPU
		{2A066F97-F309-4577-A893-9CE33CDCC6E1}.Debug|Any CPU.ActiveCfg = Debug|Any CPU
		{2A066F97-F309-4577-A893-9CE33CDCC6E1}.Debug|Any CPU.Build.0 = Debug|Any CPU
		{2A066F97-F309-4577-A893-9CE33CDCC6E1}.Release|Any CPU.ActiveCfg = Release|Any CPU
		{2A066F97-F309-4577-A893-9CE33CDCC6E1}.Release|Any CPU.Build.0 = Release|Any CPU
	EndGlobalSection
EndGlobal
